
Microsoft Visual Studio Solution File, Format Version 12.00
# Visual Studio Version 17
VisualStudioVersion = 17.5.33530.505
MinimumVisualStudioVersion = 10.0.40219.1
Project("{FAE04EC0-301F-11D3-BF4B-00C04F79EFBC}") = "UI", "PatientHub\UI.csproj", "{90004E43-31E8-484F-A989-FD6F1DA5E21E}"
EndProject
Project("{FAE04EC0-301F-11D3-BF4B-00C04F79EFBC}") = "Data", "Data\Data.csproj", "{6B0EFA99-8C38-4A7F-8E3D-C3566DB288A8}"
EndProject
Project("{FAE04EC0-301F-11D3-BF4B-00C04F79EFBC}") = "Auditor", "Auditor\Auditor.csproj", "{45B70FAB-B65A-4C76-9F1B-6D9BC38CF316}"
EndProject
Global
	GlobalSection(SolutionConfigurationPlatforms) = preSolution
		Debug|Any CPU = Debug|Any CPU
		Release|Any CPU = Release|Any CPU
	EndGlobalSection
	GlobalSection(ProjectConfigurationPlatforms) = postSolution
		{90004E43-31E8-484F-A989-FD6F1DA5E21E}.Debug|Any CPU.ActiveCfg = Debug|Any CPU
		{90004E43-31E8-484F-A989-FD6F1DA5E21E}.Debug|Any CPU.Build.0 = Debug|Any CPU
		{90004E43-31E8-484F-A989-FD6F1DA5E21E}.Release|Any CPU.ActiveCfg = Release|Any CPU
		{90004E43-31E8-484F-A989-FD6F1DA5E21E}.Release|Any CPU.Build.0 = Release|Any CPU
		{6B0EFA99-8C38-4A7F-8E3D-C3566DB288A8}.Debug|Any CPU.ActiveCfg = Debug|Any CPU
		{6B0EFA99-8C38-4A7F-8E3D-C3566DB288A8}.Debug|Any CPU.Build.0 = Debug|Any CPU
		{6B0EFA99-8C38-4A7F-8E3D-C3566DB288A8}.Release|Any CPU.ActiveCfg = Release|Any CPU
		{6B0EFA99-8C38-4A7F-8E3D-C3566DB288A8}.Release|Any CPU.Build.0 = Release|Any CPU
		{45B70FAB-B65A-4C76-9F1B-6D9BC38CF316}.Debug|Any CPU.ActiveCfg = Debug|Any CPU
		{45B70FAB-B65A-4C76-9F1B-6D9BC38CF316}.Debug|Any CPU.Build.0 = Debug|Any CPU
		{45B70FAB-B65A-4C76-9F1B-6D9BC38CF316}.Release|Any CPU.ActiveCfg = Release|Any CPU
		{45B70FAB-B65A-4C76-9F1B-6D9BC38CF316}.Release|Any CPU.Build.0 = Release|Any CPU
	EndGlobalSection
	GlobalSection(SolutionProperties) = preSolution
		HideSolutionNode = FALSE
	EndGlobalSection
	GlobalSection(ExtensibilityGlobals) = postSolution
		SolutionGuid = {D94E067D-3000-4099-9D4D-B1C2EDA4B2D3}
	EndGlobalSection
EndGlobal
